
Microsoft Visual Studio Solution File, Format Version 12.00
# Visual Studio Version 17
VisualStudioVersion = 17.5.33516.290
MinimumVisualStudioVersion = 10.0.40219.1
Project("{FAE04EC0-301F-11D3-BF4B-00C04F79EFBC}") = "Gnexx", "Gnexx\Gnexx.csproj", "{65491F44-A960-48A9-A951-F3B36B281BDE}"
EndProject
Global
	GlobalSection(SolutionConfigurationPlatforms) = preSolution
		Debug|Any CPU = Debug|Any CPU
		Release|Any CPU = Release|Any CPU
	EndGlobalSection
	GlobalSection(ProjectConfigurationPlatforms) = postSolution
		{65491F44-A960-48A9-A951-F3B36B281BDE}.Debug|Any CPU.ActiveCfg = Debug|Any CPU
		{65491F44-A960-48A9-A951-F3B36B281BDE}.Debug|Any CPU.Build.0 = Debug|Any CPU
		{65491F44-A960-48A9-A951-F3B36B281BDE}.Release|Any CPU.ActiveCfg = Release|Any CPU
		{65491F44-A960-48A9-A951-F3B36B281BDE}.Release|Any CPU.Build.0 = Release|Any CPU
	EndGlobalSection
	GlobalSection(SolutionProperties) = preSolution
		HideSolutionNode = FALSE
	EndGlobalSection
	GlobalSection(ExtensibilityGlobals) = postSolution
		SolutionGuid = {1CB6616E-48AE-4FE8-BC04-AB89F2519B90}
	EndGlobalSection
EndGlobal
